// !$*UTF8*$!
{
	archiveVersion = 1;
	classes = {
	};
	objectVersion = 77;
	objects = {

/* Begin PBXBuildFile section */
		0701D2932D7A342C0093FDC9 /* UserProfile.swift in Sources */ = {isa = PBXBuildFile; fileRef = 0701D2922D7A342C0093FDC9 /* UserProfile.swift */; };
		07332B4C2D6F98C4005F9A3B /* ProfileImageView.swift in Sources */ = {isa = PBXBuildFile; fileRef = 07332B4B2D6F98C4005F9A3B /* ProfileImageView.swift */; };
		07332B4E2D6FBDDD005F9A3B /* MediaDetailView.swift in Sources */ = {isa = PBXBuildFile; fileRef = 07332B4D2D6FBDDD005F9A3B /* MediaDetailView.swift */; };
		07332B502D6FC28E005F9A3B /* VideoThumbnailView.swift in Sources */ = {isa = PBXBuildFile; fileRef = 07332B4F2D6FC28E005F9A3B /* VideoThumbnailView.swift */; };
		073F7A892D7A1874002A02DE /* HarmSmoochMarryChoice.swift in Sources */ = {isa = PBXBuildFile; fileRef = 073F7A882D7A1874002A02DE /* HarmSmoochMarryChoice.swift */; };
		073F7A8B2D7A1889002A02DE /* GameResult.swift in Sources */ = {isa = PBXBuildFile; fileRef = 073F7A8A2D7A1889002A02DE /* GameResult.swift */; };
		076E08022D441BA7006F3999 /* SignUpView.swift in Sources */ = {isa = PBXBuildFile; fileRef = 076E07E92D441888006F3999 /* SignUpView.swift */; };
		076E08042D44205A006F3999 /* LoginView.swift in Sources */ = {isa = PBXBuildFile; fileRef = 076E08032D44205A006F3999 /* LoginView.swift */; };
		076E08062D442238006F3999 /* ProfileView.swift in Sources */ = {isa = PBXBuildFile; fileRef = 076E08052D442238006F3999 /* ProfileView.swift */; };
		076E08082D4423B0006F3999 /* RunningManView.swift in Sources */ = {isa = PBXBuildFile; fileRef = 076E08072D4423B0006F3999 /* RunningManView.swift */; };
		076E080A2D442AF7006F3999 /* ProfileScreen.swift in Sources */ = {isa = PBXBuildFile; fileRef = 076E08092D442AF7006F3999 /* ProfileScreen.swift */; };
		076E080C2D442E37006F3999 /* FirebaseService.swift in Sources */ = {isa = PBXBuildFile; fileRef = 076E080B2D442E0B006F3999 /* FirebaseService.swift */; };
		076E080F2D44316D006F3999 /* FirebaseAuth in Frameworks */ = {isa = PBXBuildFile; productRef = 076E080E2D44316D006F3999 /* FirebaseAuth */; };
		076E08112D44316D006F3999 /* FirebaseFirestore in Frameworks */ = {isa = PBXBuildFile; productRef = 076E08102D44316D006F3999 /* FirebaseFirestore */; };
		076E08132D44316D006F3999 /* FirebaseStorage in Frameworks */ = {isa = PBXBuildFile; productRef = 076E08122D44316D006F3999 /* FirebaseStorage */; };
		07770A062D76211F005E89AD /* TikTokService.swift in Sources */ = {isa = PBXBuildFile; fileRef = 07770A052D76211F005E89AD /* TikTokService.swift */; };
		07770A082D762149005E89AD /* GameService.swift in Sources */ = {isa = PBXBuildFile; fileRef = 07770A072D762149005E89AD /* GameService.swift */; };
		07770A0A2D76216B005E89AD /* SocialIntegrationView.swift in Sources */ = {isa = PBXBuildFile; fileRef = 07770A092D76216B005E89AD /* SocialIntegrationView.swift */; };
		07770A0C2D7621B7005E89AD /* MatchAlgorithm.swift in Sources */ = {isa = PBXBuildFile; fileRef = 07770A0B2D7621B7005E89AD /* MatchAlgorithm.swift */; };
		07770A0E2D7621DD005E89AD /* UserPreferences.swift in Sources */ = {isa = PBXBuildFile; fileRef = 07770A0D2D7621DD005E89AD /* UserPreferences.swift */; };
		077855BC2D5BECF9002C1F05 /* UserProfileService.swift in Sources */ = {isa = PBXBuildFile; fileRef = 077855BB2D5BECF9002C1F05 /* UserProfileService.swift */; };
		077855BE2D5BED8B002C1F05 /* MatchView.swift in Sources */ = {isa = PBXBuildFile; fileRef = 077855BD2D5BED8B002C1F05 /* MatchView.swift */; };
		077855C22D6642BA002C1F05 /* VideoUtils.swift in Sources */ = {isa = PBXBuildFile; fileRef = 077855C12D6642BA002C1F05 /* VideoUtils.swift */; };
		077855C42D665D5A002C1F05 /* MediaItem.swift in Sources */ = {isa = PBXBuildFile; fileRef = 077855C32D664577002C1F05 /* MediaItem.swift */; };
		077A00DF2D52AB6800873EE2 /* NavigationState.swift in Sources */ = {isa = PBXBuildFile; fileRef = 077A00DE2D52AA9500873EE2 /* NavigationState.swift */; };
		077A00E12D53F27600873EE2 /* HomeView.swift in Sources */ = {isa = PBXBuildFile; fileRef = 077A00E02D53F27600873EE2 /* HomeView.swift */; };
		077A00E32D54122800873EE2 /* AILearningView.swift in Sources */ = {isa = PBXBuildFile; fileRef = 077A00E22D54122800873EE2 /* AILearningView.swift */; };
		077A00E52D54123400873EE2 /* MediaView.swift in Sources */ = {isa = PBXBuildFile; fileRef = 077A00E42D54123400873EE2 /* MediaView.swift */; };
		077A00E72D54124100873EE2 /* DMsView.swift in Sources */ = {isa = PBXBuildFile; fileRef = 077A00E62D54124100873EE2 /* DMsView.swift */; };
		077A00E92D55439C00873EE2 /* ProfileMediaView.swift in Sources */ = {isa = PBXBuildFile; fileRef = 077A00E82D55439C00873EE2 /* ProfileMediaView.swift */; };
		077A00EB2D5543CB00873EE2 /* EditableBioView.swift in Sources */ = {isa = PBXBuildFile; fileRef = 077A00EA2D5543CB00873EE2 /* EditableBioView.swift */; };
		077A00ED2D5543FC00873EE2 /* AISuggestedQuestionsView.swift in Sources */ = {isa = PBXBuildFile; fileRef = 077A00EC2D5543FC00873EE2 /* AISuggestedQuestionsView.swift */; };
		07DCCA132D6D17BA002DCD89 /* CachedAsyncImage.swift in Sources */ = {isa = PBXBuildFile; fileRef = 07DCCA122D6D17BA002DCD89 /* CachedAsyncImage.swift */; };
		10F4703EF622CF66ACA43B01 /* Pods_search.framework in Frameworks */ = {isa = PBXBuildFile; fileRef = D6A473B13A3DC5D9C05B4BEF /* Pods_search.framework */; };
/* End PBXBuildFile section */

/* Begin PBXFileReference section */
		0701D2922D7A342C0093FDC9 /* UserProfile.swift */ = {isa = PBXFileReference; lastKnownFileType = sourcecode.swift; path = UserProfile.swift; sourceTree = "<group>"; };
		07332B4B2D6F98C4005F9A3B /* ProfileImageView.swift */ = {isa = PBXFileReference; lastKnownFileType = sourcecode.swift; path = ProfileImageView.swift; sourceTree = "<group>"; };
		07332B4D2D6FBDDD005F9A3B /* MediaDetailView.swift */ = {isa = PBXFileReference; lastKnownFileType = sourcecode.swift; path = MediaDetailView.swift; sourceTree = "<group>"; };
		07332B4F2D6FC28E005F9A3B /* VideoThumbnailView.swift */ = {isa = PBXFileReference; lastKnownFileType = sourcecode.swift; path = VideoThumbnailView.swift; sourceTree = "<group>"; };
		073F7A882D7A1874002A02DE /* HarmSmoochMarryChoice.swift */ = {isa = PBXFileReference; lastKnownFileType = sourcecode.swift; path = HarmSmoochMarryChoice.swift; sourceTree = "<group>"; };
		073F7A8A2D7A1889002A02DE /* GameResult.swift */ = {isa = PBXFileReference; lastKnownFileType = sourcecode.swift; path = GameResult.swift; sourceTree = "<group>"; };
		076E07D12D43FA0B006F3999 /* search.app */ = {isa = PBXFileReference; explicitFileType = wrapper.application; includeInIndex = 0; path = search.app; sourceTree = BUILT_PRODUCTS_DIR; };
		076E07E92D441888006F3999 /* SignUpView.swift */ = {isa = PBXFileReference; lastKnownFileType = sourcecode.swift; path = SignUpView.swift; sourceTree = "<group>"; };
		076E08032D44205A006F3999 /* LoginView.swift */ = {isa = PBXFileReference; lastKnownFileType = sourcecode.swift; path = LoginView.swift; sourceTree = "<group>"; };
		076E08052D442238006F3999 /* ProfileView.swift */ = {isa = PBXFileReference; lastKnownFileType = sourcecode.swift; path = ProfileView.swift; sourceTree = "<group>"; };
		076E08072D4423B0006F3999 /* RunningManView.swift */ = {isa = PBXFileReference; lastKnownFileType = sourcecode.swift; path = RunningManView.swift; sourceTree = "<group>"; };
		076E08092D442AF7006F3999 /* ProfileScreen.swift */ = {isa = PBXFileReference; lastKnownFileType = sourcecode.swift; path = ProfileScreen.swift; sourceTree = "<group>"; };
		076E080B2D442E0B006F3999 /* FirebaseService.swift */ = {isa = PBXFileReference; lastKnownFileType = sourcecode.swift; path = FirebaseService.swift; sourceTree = "<group>"; };
		07770A052D76211F005E89AD /* TikTokService.swift */ = {isa = PBXFileReference; lastKnownFileType = sourcecode.swift; path = TikTokService.swift; sourceTree = "<group>"; };
		07770A072D762149005E89AD /* GameService.swift */ = {isa = PBXFileReference; lastKnownFileType = sourcecode.swift; path = GameService.swift; sourceTree = "<group>"; };
		07770A092D76216B005E89AD /* SocialIntegrationView.swift */ = {isa = PBXFileReference; lastKnownFileType = sourcecode.swift; path = SocialIntegrationView.swift; sourceTree = "<group>"; };
		07770A0B2D7621B7005E89AD /* MatchAlgorithm.swift */ = {isa = PBXFileReference; lastKnownFileType = sourcecode.swift; path = MatchAlgorithm.swift; sourceTree = "<group>"; };
		07770A0D2D7621DD005E89AD /* UserPreferences.swift */ = {isa = PBXFileReference; lastKnownFileType = sourcecode.swift; path = UserPreferences.swift; sourceTree = "<group>"; };
		077855BB2D5BECF9002C1F05 /* UserProfileService.swift */ = {isa = PBXFileReference; lastKnownFileType = sourcecode.swift; path = UserProfileService.swift; sourceTree = "<group>"; };
		077855BD2D5BED8B002C1F05 /* MatchView.swift */ = {isa = PBXFileReference; lastKnownFileType = sourcecode.swift; path = MatchView.swift; sourceTree = "<group>"; };
		077855C12D6642BA002C1F05 /* VideoUtils.swift */ = {isa = PBXFileReference; lastKnownFileType = sourcecode.swift; path = VideoUtils.swift; sourceTree = "<group>"; };
		077855C32D664577002C1F05 /* MediaItem.swift */ = {isa = PBXFileReference; lastKnownFileType = sourcecode.swift; path = MediaItem.swift; sourceTree = "<group>"; };
		077A00DE2D52AA9500873EE2 /* NavigationState.swift */ = {isa = PBXFileReference; lastKnownFileType = sourcecode.swift; path = NavigationState.swift; sourceTree = "<group>"; };
		077A00E02D53F27600873EE2 /* HomeView.swift */ = {isa = PBXFileReference; lastKnownFileType = sourcecode.swift; path = HomeView.swift; sourceTree = "<group>"; };
		077A00E22D54122800873EE2 /* AILearningView.swift */ = {isa = PBXFileReference; lastKnownFileType = sourcecode.swift; path = AILearningView.swift; sourceTree = "<group>"; };
		077A00E42D54123400873EE2 /* MediaView.swift */ = {isa = PBXFileReference; lastKnownFileType = sourcecode.swift; path = MediaView.swift; sourceTree = "<group>"; };
		077A00E62D54124100873EE2 /* DMsView.swift */ = {isa = PBXFileReference; lastKnownFileType = sourcecode.swift; path = DMsView.swift; sourceTree = "<group>"; };
		077A00E82D55439C00873EE2 /* ProfileMediaView.swift */ = {isa = PBXFileReference; lastKnownFileType = sourcecode.swift; path = ProfileMediaView.swift; sourceTree = "<group>"; };
		077A00EA2D5543CB00873EE2 /* EditableBioView.swift */ = {isa = PBXFileReference; lastKnownFileType = sourcecode.swift; path = EditableBioView.swift; sourceTree = "<group>"; };
		077A00EC2D5543FC00873EE2 /* AISuggestedQuestionsView.swift */ = {isa = PBXFileReference; lastKnownFileType = sourcecode.swift; path = AISuggestedQuestionsView.swift; sourceTree = "<group>"; };
		07C0E7B82D77529F005F275D /* Info.plist */ = {isa = PBXFileReference; lastKnownFileType = text.plist; path = Info.plist; sourceTree = "<group>"; };
		07DCCA122D6D17BA002DCD89 /* CachedAsyncImage.swift */ = {isa = PBXFileReference; lastKnownFileType = sourcecode.swift; path = CachedAsyncImage.swift; sourceTree = "<group>"; };
		9C4CA487C3667C5D80D53C7F /* Pods-search.release.xcconfig */ = {isa = PBXFileReference; includeInIndex = 1; lastKnownFileType = text.xcconfig; name = "Pods-search.release.xcconfig"; path = "Target Support Files/Pods-search/Pods-search.release.xcconfig"; sourceTree = "<group>"; };
		D69BAED4CFA40DF7EC7854B8 /* Pods-search.debug.xcconfig */ = {isa = PBXFileReference; includeInIndex = 1; lastKnownFileType = text.xcconfig; name = "Pods-search.debug.xcconfig"; path = "Target Support Files/Pods-search/Pods-search.debug.xcconfig"; sourceTree = "<group>"; };
		D6A473B13A3DC5D9C05B4BEF /* Pods_search.framework */ = {isa = PBXFileReference; explicitFileType = wrapper.framework; includeInIndex = 0; path = Pods_search.framework; sourceTree = BUILT_PRODUCTS_DIR; };
/* End PBXFileReference section */

/* Begin PBXFileSystemSynchronizedBuildFileExceptionSet section */
		0746626E2D7B6F8400513CD3 /* Exceptions for "Configurations" folder in "search" target */ = {
			isa = PBXFileSystemSynchronizedBuildFileExceptionSet;
			membershipExceptions = (
				Secrets_Sandbox.xcconfig,
			);
			target = 076E07D02D43FA0B006F3999 /* search */;
		};
/* End PBXFileSystemSynchronizedBuildFileExceptionSet section */

/* Begin PBXFileSystemSynchronizedRootGroup section */
		0746626D2D7B6F7600513CD3 /* Configurations */ = {
			isa = PBXFileSystemSynchronizedRootGroup;
			exceptions = (
				0746626E2D7B6F8400513CD3 /* Exceptions for "Configurations" folder in "search" target */,
			);
			path = Configurations;
			sourceTree = "<group>";
		};
		076E07D32D43FA0B006F3999 /* search */ = {
			isa = PBXFileSystemSynchronizedRootGroup;
			path = search;
			sourceTree = "<group>";
		};
/* End PBXFileSystemSynchronizedRootGroup section */

/* Begin PBXFrameworksBuildPhase section */
		076E07CE2D43FA0B006F3999 /* Frameworks */ = {
			isa = PBXFrameworksBuildPhase;
			buildActionMask = 2147483647;
			files = (
				076E080F2D44316D006F3999 /* FirebaseAuth in Frameworks */,
				076E08112D44316D006F3999 /* FirebaseFirestore in Frameworks */,
				076E08132D44316D006F3999 /* FirebaseStorage in Frameworks */,
				10F4703EF622CF66ACA43B01 /* Pods_search.framework in Frameworks */,
			);
			runOnlyForDeploymentPostprocessing = 0;
		};
/* End PBXFrameworksBuildPhase section */

/* Begin PBXGroup section */
		076E07C82D43FA0B006F3999 = {
			isa = PBXGroup;
			children = (
				0746626D2D7B6F7600513CD3 /* Configurations */,
				07C0E7B82D77529F005F275D /* Info.plist */,
				07770A042D760DDB005E89AD /* Integrations */,
				076E07E82D4400B3006F3999 /* Constants */,
				076E07E72D43FD9E006F3999 /* Models */,
				076E07E62D43FD9A006F3999 /* ViewModels */,
				076E07E52D43FD95006F3999 /* Services */,
				076E07E42D43FD91006F3999 /* Utilities */,
				076E07E32D43FD8B006F3999 /* Assets */,
				076E07E22D43FD81006F3999 /* Views */,
				076E07D32D43FA0B006F3999 /* search */,
				076E07D22D43FA0B006F3999 /* Products */,
				9EEC9CE0F43EE7DFBC2A320D /* Pods */,
				6AD30BF912AB5EC3F48C80EC /* Frameworks */,
			);
			sourceTree = "<group>";
		};
		076E07D22D43FA0B006F3999 /* Products */ = {
			isa = PBXGroup;
			children = (
				076E07D12D43FA0B006F3999 /* search.app */,
			);
			name = Products;
			sourceTree = "<group>";
		};
		076E07E22D43FD81006F3999 /* Views */ = {
			isa = PBXGroup;
			children = (
				07DCCA172D6E05EA002DCD89 /* Home */,
				07DCCA162D6E05A7002DCD89 /* Auth */,
				07DCCA152D6E0587002DCD89 /* Profile */,
				07DCCA142D6D2011002DCD89 /* Components */,
				077855BD2D5BED8B002C1F05 /* MatchView.swift */,
				077A00EC2D5543FC00873EE2 /* AISuggestedQuestionsView.swift */,
				077A00E62D54124100873EE2 /* DMsView.swift */,
				077A00E42D54123400873EE2 /* MediaView.swift */,
				077A00E22D54122800873EE2 /* AILearningView.swift */,
				076E08072D4423B0006F3999 /* RunningManView.swift */,
			);
			path = Views;
			sourceTree = "<group>";
		};
		076E07E32D43FD8B006F3999 /* Assets */ = {
			isa = PBXGroup;
			children = (
			);
			path = Assets;
			sourceTree = "<group>";
		};
		076E07E42D43FD91006F3999 /* Utilities */ = {
			isa = PBXGroup;
			children = (
				07770A0B2D7621B7005E89AD /* MatchAlgorithm.swift */,
				077A00DE2D52AA9500873EE2 /* NavigationState.swift */,
				077855C12D6642BA002C1F05 /* VideoUtils.swift */,
			);
			path = Utilities;
			sourceTree = "<group>";
		};
		076E07E52D43FD95006F3999 /* Services */ = {
			isa = PBXGroup;
			children = (
				07770A072D762149005E89AD /* GameService.swift */,
				07770A052D76211F005E89AD /* TikTokService.swift */,
				077855BB2D5BECF9002C1F05 /* UserProfileService.swift */,
				076E080B2D442E0B006F3999 /* FirebaseService.swift */,
			);
			path = Services;
			sourceTree = "<group>";
		};
		076E07E62D43FD9A006F3999 /* ViewModels */ = {
			isa = PBXGroup;
			children = (
			);
			path = ViewModels;
			sourceTree = "<group>";
		};
		076E07E72D43FD9E006F3999 /* Models */ = {
			isa = PBXGroup;
			children = (
				0701D2922D7A342C0093FDC9 /* UserProfile.swift */,
				073F7A8A2D7A1889002A02DE /* GameResult.swift */,
				073F7A882D7A1874002A02DE /* HarmSmoochMarryChoice.swift */,
				07770A0D2D7621DD005E89AD /* UserPreferences.swift */,
				077855C32D664577002C1F05 /* MediaItem.swift */,
			);
			path = Models;
			sourceTree = "<group>";
		};
		076E07E82D4400B3006F3999 /* Constants */ = {
			isa = PBXGroup;
			children = (
			);
			path = Constants;
			sourceTree = "<group>";
		};
		07770A042D760DDB005E89AD /* Integrations */ = {
			isa = PBXGroup;
			children = (
			);
			path = Integrations;
			sourceTree = "<group>";
		};
		07DCCA142D6D2011002DCD89 /* Components */ = {
			isa = PBXGroup;
			children = (
				07DCCA122D6D17BA002DCD89 /* CachedAsyncImage.swift */,
			);
			path = Components;
			sourceTree = "<group>";
		};
		07DCCA152D6E0587002DCD89 /* Profile */ = {
			isa = PBXGroup;
			children = (
				07770A092D76216B005E89AD /* SocialIntegrationView.swift */,
				07332B4F2D6FC28E005F9A3B /* VideoThumbnailView.swift */,
				07332B4D2D6FBDDD005F9A3B /* MediaDetailView.swift */,
				07332B4B2D6F98C4005F9A3B /* ProfileImageView.swift */,
				077A00EA2D5543CB00873EE2 /* EditableBioView.swift */,
				077A00E82D55439C00873EE2 /* ProfileMediaView.swift */,
				076E08092D442AF7006F3999 /* ProfileScreen.swift */,
				076E08052D442238006F3999 /* ProfileView.swift */,
			);
			path = Profile;
			sourceTree = "<group>";
		};
		07DCCA162D6E05A7002DCD89 /* Auth */ = {
			isa = PBXGroup;
			children = (
				076E08032D44205A006F3999 /* LoginView.swift */,
				076E07E92D441888006F3999 /* SignUpView.swift */,
			);
			path = Auth;
			sourceTree = "<group>";
		};
		07DCCA172D6E05EA002DCD89 /* Home */ = {
			isa = PBXGroup;
			children = (
				077A00E02D53F27600873EE2 /* HomeView.swift */,
			);
			path = Home;
			sourceTree = "<group>";
		};
		6AD30BF912AB5EC3F48C80EC /* Frameworks */ = {
			isa = PBXGroup;
			children = (
				D6A473B13A3DC5D9C05B4BEF /* Pods_search.framework */,
			);
			name = Frameworks;
			sourceTree = "<group>";
		};
		9EEC9CE0F43EE7DFBC2A320D /* Pods */ = {
			isa = PBXGroup;
			children = (
				D69BAED4CFA40DF7EC7854B8 /* Pods-search.debug.xcconfig */,
				9C4CA487C3667C5D80D53C7F /* Pods-search.release.xcconfig */,
			);
			path = Pods;
			sourceTree = "<group>";
		};
/* End PBXGroup section */

/* Begin PBXNativeTarget section */
		076E07D02D43FA0B006F3999 /* search */ = {
			isa = PBXNativeTarget;
			buildConfigurationList = 076E07DF2D43FA0E006F3999 /* Build configuration list for PBXNativeTarget "search" */;
			buildPhases = (
				6887950B055F0190DC64A41B /* [CP] Check Pods Manifest.lock */,
				076E07CD2D43FA0B006F3999 /* Sources */,
				076E07CE2D43FA0B006F3999 /* Frameworks */,
				076E07CF2D43FA0B006F3999 /* Resources */,
			);
			buildRules = (
			);
			dependencies = (
			);
			fileSystemSynchronizedGroups = (
				0746626D2D7B6F7600513CD3 /* Configurations */,
				076E07D32D43FA0B006F3999 /* search */,
			);
			name = search;
			packageProductDependencies = (
				076E080E2D44316D006F3999 /* FirebaseAuth */,
				076E08102D44316D006F3999 /* FirebaseFirestore */,
				076E08122D44316D006F3999 /* FirebaseStorage */,
			);
			productName = search;
			productReference = 076E07D12D43FA0B006F3999 /* search.app */;
			productType = "com.apple.product-type.application";
		};
/* End PBXNativeTarget section */

/* Begin PBXProject section */
		076E07C92D43FA0B006F3999 /* Project object */ = {
			isa = PBXProject;
			attributes = {
				BuildIndependentTargetsInParallel = 1;
				LastSwiftUpdateCheck = 1620;
				LastUpgradeCheck = 1620;
				TargetAttributes = {
					076E07D02D43FA0B006F3999 = {
						CreatedOnToolsVersion = 16.2;
					};
				};
			};
			buildConfigurationList = 076E07CC2D43FA0B006F3999 /* Build configuration list for PBXProject "search" */;
			developmentRegion = en;
			hasScannedForEncodings = 0;
			knownRegions = (
				en,
				Base,
			);
			mainGroup = 076E07C82D43FA0B006F3999;
			minimizedProjectReferenceProxies = 1;
			packageReferences = (
				076E080D2D44316D006F3999 /* XCRemoteSwiftPackageReference "firebase-ios-sdk" */,
			);
			preferredProjectObjectVersion = 77;
			productRefGroup = 076E07D22D43FA0B006F3999 /* Products */;
			projectDirPath = "";
			projectRoot = "";
			targets = (
				076E07D02D43FA0B006F3999 /* search */,
			);
		};
/* End PBXProject section */

/* Begin PBXResourcesBuildPhase section */
		076E07CF2D43FA0B006F3999 /* Resources */ = {
			isa = PBXResourcesBuildPhase;
			buildActionMask = 2147483647;
			files = (
			);
			runOnlyForDeploymentPostprocessing = 0;
		};
/* End PBXResourcesBuildPhase section */

/* Begin PBXShellScriptBuildPhase section */
		6887950B055F0190DC64A41B /* [CP] Check Pods Manifest.lock */ = {
			isa = PBXShellScriptBuildPhase;
			buildActionMask = 2147483647;
			files = (
			);
			inputFileListPaths = (
			);
			inputPaths = (
				"${PODS_PODFILE_DIR_PATH}/Podfile.lock",
				"${PODS_ROOT}/Manifest.lock",
			);
			name = "[CP] Check Pods Manifest.lock";
			outputFileListPaths = (
			);
			outputPaths = (
				"$(DERIVED_FILE_DIR)/Pods-search-checkManifestLockResult.txt",
			);
			runOnlyForDeploymentPostprocessing = 0;
			shellPath = /bin/sh;
			shellScript = "diff \"${PODS_PODFILE_DIR_PATH}/Podfile.lock\" \"${PODS_ROOT}/Manifest.lock\" > /dev/null\nif [ $? != 0 ] ; then\n    # print error to STDERR\n    echo \"error: The sandbox is not in sync with the Podfile.lock. Run 'pod install' or update your CocoaPods installation.\" >&2\n    exit 1\nfi\n# This output is used by Xcode 'outputs' to avoid re-running this script phase.\necho \"SUCCESS\" > \"${SCRIPT_OUTPUT_FILE_0}\"\n";
			showEnvVarsInLog = 0;
		};
/* End PBXShellScriptBuildPhase section */

/* Begin PBXSourcesBuildPhase section */
		076E07CD2D43FA0B006F3999 /* Sources */ = {
			isa = PBXSourcesBuildPhase;
			buildActionMask = 2147483647;
			files = (
				076E080A2D442AF7006F3999 /* ProfileScreen.swift in Sources */,
				07332B502D6FC28E005F9A3B /* VideoThumbnailView.swift in Sources */,
				077A00E92D55439C00873EE2 /* ProfileMediaView.swift in Sources */,
				077A00DF2D52AB6800873EE2 /* NavigationState.swift in Sources */,
				073F7A8B2D7A1889002A02DE /* GameResult.swift in Sources */,
				077A00ED2D5543FC00873EE2 /* AISuggestedQuestionsView.swift in Sources */,
				07770A0A2D76216B005E89AD /* SocialIntegrationView.swift in Sources */,
				077855BE2D5BED8B002C1F05 /* MatchView.swift in Sources */,
				073F7A892D7A1874002A02DE /* HarmSmoochMarryChoice.swift in Sources */,
				077A00E12D53F27600873EE2 /* HomeView.swift in Sources */,
				077A00E52D54123400873EE2 /* MediaView.swift in Sources */,
				076E080C2D442E37006F3999 /* FirebaseService.swift in Sources */,
				077855BC2D5BECF9002C1F05 /* UserProfileService.swift in Sources */,
				077A00E72D54124100873EE2 /* DMsView.swift in Sources */,
				076E08022D441BA7006F3999 /* SignUpView.swift in Sources */,
				07332B4E2D6FBDDD005F9A3B /* MediaDetailView.swift in Sources */,
				07770A082D762149005E89AD /* GameService.swift in Sources */,
				07770A062D76211F005E89AD /* TikTokService.swift in Sources */,
				077A00E32D54122800873EE2 /* AILearningView.swift in Sources */,
				077855C22D6642BA002C1F05 /* VideoUtils.swift in Sources */,
				076E08062D442238006F3999 /* ProfileView.swift in Sources */,
				07770A0E2D7621DD005E89AD /* UserPreferences.swift in Sources */,
				07332B4C2D6F98C4005F9A3B /* ProfileImageView.swift in Sources */,
				076E08082D4423B0006F3999 /* RunningManView.swift in Sources */,
				077855C42D665D5A002C1F05 /* MediaItem.swift in Sources */,
				076E08042D44205A006F3999 /* LoginView.swift in Sources */,
				0701D2932D7A342C0093FDC9 /* UserProfile.swift in Sources */,
				07DCCA132D6D17BA002DCD89 /* CachedAsyncImage.swift in Sources */,
				077A00EB2D5543CB00873EE2 /* EditableBioView.swift in Sources */,
				07770A0C2D7621B7005E89AD /* MatchAlgorithm.swift in Sources */,
			);
			runOnlyForDeploymentPostprocessing = 0;
		};
/* End PBXSourcesBuildPhase section */

/* Begin XCBuildConfiguration section */
		076E07DD2D43FA0E006F3999 /* Debug */ = {
			isa = XCBuildConfiguration;
			baseConfigurationReferenceAnchor = 0746626D2D7B6F7600513CD3 /* Configurations */;
			baseConfigurationReferenceRelativePath = Secrets_Sandbox.xcconfig;
			buildSettings = {
				ALWAYS_SEARCH_USER_PATHS = NO;
				ASSETCATALOG_COMPILER_GENERATE_SWIFT_ASSET_SYMBOL_EXTENSIONS = YES;
				CLANG_ANALYZER_NONNULL = YES;
				CLANG_ANALYZER_NUMBER_OBJECT_CONVERSION = YES_AGGRESSIVE;
				CLANG_CXX_LANGUAGE_STANDARD = "gnu++20";
				CLANG_ENABLE_MODULES = YES;
				CLANG_ENABLE_OBJC_ARC = YES;
				CLANG_ENABLE_OBJC_WEAK = YES;
				CLANG_WARN_BLOCK_CAPTURE_AUTORELEASING = YES;
				CLANG_WARN_BOOL_CONVERSION = YES;
				CLANG_WARN_COMMA = YES;
				CLANG_WARN_CONSTANT_CONVERSION = YES;
				CLANG_WARN_DEPRECATED_OBJC_IMPLEMENTATIONS = YES;
				CLANG_WARN_DIRECT_OBJC_ISA_USAGE = YES_ERROR;
				CLANG_WARN_DOCUMENTATION_COMMENTS = YES;
				CLANG_WARN_EMPTY_BODY = YES;
				CLANG_WARN_ENUM_CONVERSION = YES;
				CLANG_WARN_INFINITE_RECURSION = YES;
				CLANG_WARN_INT_CONVERSION = YES;
				CLANG_WARN_NON_LITERAL_NULL_CONVERSION = YES;
				CLANG_WARN_OBJC_IMPLICIT_RETAIN_SELF = YES;
				CLANG_WARN_OBJC_LITERAL_CONVERSION = YES;
				CLANG_WARN_OBJC_ROOT_CLASS = YES_ERROR;
				CLANG_WARN_QUOTED_INCLUDE_IN_FRAMEWORK_HEADER = YES;
				CLANG_WARN_RANGE_LOOP_ANALYSIS = YES;
				CLANG_WARN_STRICT_PROTOTYPES = YES;
				CLANG_WARN_SUSPICIOUS_MOVE = YES;
				CLANG_WARN_UNGUARDED_AVAILABILITY = YES_AGGRESSIVE;
				CLANG_WARN_UNREACHABLE_CODE = YES;
				CLANG_WARN__DUPLICATE_METHOD_MATCH = YES;
				COPY_PHASE_STRIP = NO;
				DEBUG_INFORMATION_FORMAT = dwarf;
				ENABLE_STRICT_OBJC_MSGSEND = YES;
				ENABLE_TESTABILITY = YES;
				ENABLE_USER_SCRIPT_SANDBOXING = YES;
				GCC_C_LANGUAGE_STANDARD = gnu17;
				GCC_DYNAMIC_NO_PIC = NO;
				GCC_NO_COMMON_BLOCKS = YES;
				GCC_OPTIMIZATION_LEVEL = 0;
				GCC_PREPROCESSOR_DEFINITIONS = (
					"DEBUG=1",
					"$(inherited)",
				);
				GCC_WARN_64_TO_32_BIT_CONVERSION = YES;
				GCC_WARN_ABOUT_RETURN_TYPE = YES_ERROR;
				GCC_WARN_UNDECLARED_SELECTOR = YES;
				GCC_WARN_UNINITIALIZED_AUTOS = YES_AGGRESSIVE;
				GCC_WARN_UNUSED_FUNCTION = YES;
				GCC_WARN_UNUSED_VARIABLE = YES;
				IPHONEOS_DEPLOYMENT_TARGET = 18.2;
				LOCALIZATION_PREFERS_STRING_CATALOGS = YES;
				MTL_ENABLE_DEBUG_INFO = INCLUDE_SOURCE;
				MTL_FAST_MATH = YES;
				ONLY_ACTIVE_ARCH = YES;
				SDKROOT = iphoneos;
				SWIFT_ACTIVE_COMPILATION_CONDITIONS = "DEBUG $(inherited)";
				SWIFT_OPTIMIZATION_LEVEL = "-Onone";
			};
			name = Debug;
		};
		076E07DE2D43FA0E006F3999 /* Release */ = {
			isa = XCBuildConfiguration;
			baseConfigurationReferenceAnchor = 0746626D2D7B6F7600513CD3 /* Configurations */;
			baseConfigurationReferenceRelativePath = Secrets_Production.xcconfig;
			buildSettings = {
				ALWAYS_SEARCH_USER_PATHS = NO;
				ASSETCATALOG_COMPILER_GENERATE_SWIFT_ASSET_SYMBOL_EXTENSIONS = YES;
				CLANG_ANALYZER_NONNULL = YES;
				CLANG_ANALYZER_NUMBER_OBJECT_CONVERSION = YES_AGGRESSIVE;
				CLANG_CXX_LANGUAGE_STANDARD = "gnu++20";
				CLANG_ENABLE_MODULES = YES;
				CLANG_ENABLE_OBJC_ARC = YES;
				CLANG_ENABLE_OBJC_WEAK = YES;
				CLANG_WARN_BLOCK_CAPTURE_AUTORELEASING = YES;
				CLANG_WARN_BOOL_CONVERSION = YES;
				CLANG_WARN_COMMA = YES;
				CLANG_WARN_CONSTANT_CONVERSION = YES;
				CLANG_WARN_DEPRECATED_OBJC_IMPLEMENTATIONS = YES;
				CLANG_WARN_DIRECT_OBJC_ISA_USAGE = YES_ERROR;
				CLANG_WARN_DOCUMENTATION_COMMENTS = YES;
				CLANG_WARN_EMPTY_BODY = YES;
				CLANG_WARN_ENUM_CONVERSION = YES;
				CLANG_WARN_INFINITE_RECURSION = YES;
				CLANG_WARN_INT_CONVERSION = YES;
				CLANG_WARN_NON_LITERAL_NULL_CONVERSION = YES;
				CLANG_WARN_OBJC_IMPLICIT_RETAIN_SELF = YES;
				CLANG_WARN_OBJC_LITERAL_CONVERSION = YES;
				CLANG_WARN_OBJC_ROOT_CLASS = YES_ERROR;
				CLANG_WARN_QUOTED_INCLUDE_IN_FRAMEWORK_HEADER = YES;
				CLANG_WARN_RANGE_LOOP_ANALYSIS = YES;
				CLANG_WARN_STRICT_PROTOTYPES = YES;
				CLANG_WARN_SUSPICIOUS_MOVE = YES;
				CLANG_WARN_UNGUARDED_AVAILABILITY = YES_AGGRESSIVE;
				CLANG_WARN_UNREACHABLE_CODE = YES;
				CLANG_WARN__DUPLICATE_METHOD_MATCH = YES;
				COPY_PHASE_STRIP = NO;
				DEBUG_INFORMATION_FORMAT = "dwarf-with-dsym";
				ENABLE_NS_ASSERTIONS = NO;
				ENABLE_STRICT_OBJC_MSGSEND = YES;
				ENABLE_USER_SCRIPT_SANDBOXING = YES;
				GCC_C_LANGUAGE_STANDARD = gnu17;
				GCC_NO_COMMON_BLOCKS = YES;
				GCC_WARN_64_TO_32_BIT_CONVERSION = YES;
				GCC_WARN_ABOUT_RETURN_TYPE = YES_ERROR;
				GCC_WARN_UNDECLARED_SELECTOR = YES;
				GCC_WARN_UNINITIALIZED_AUTOS = YES_AGGRESSIVE;
				GCC_WARN_UNUSED_FUNCTION = YES;
				GCC_WARN_UNUSED_VARIABLE = YES;
				IPHONEOS_DEPLOYMENT_TARGET = 18.2;
				LOCALIZATION_PREFERS_STRING_CATALOGS = YES;
				MTL_ENABLE_DEBUG_INFO = NO;
				MTL_FAST_MATH = YES;
				SDKROOT = iphoneos;
				SWIFT_COMPILATION_MODE = wholemodule;
				VALIDATE_PRODUCT = YES;
			};
			name = Release;
		};
		076E07E02D43FA0E006F3999 /* Debug */ = {
			isa = XCBuildConfiguration;
			baseConfigurationReference = D69BAED4CFA40DF7EC7854B8 /* Pods-search.debug.xcconfig */;
			buildSettings = {
				ASSETCATALOG_COMPILER_APPICON_NAME = AppIcon;
				ASSETCATALOG_COMPILER_GLOBAL_ACCENT_COLOR_NAME = AccentColor;
				CODE_SIGN_STYLE = Automatic;
				CURRENT_PROJECT_VERSION = 1;
				DEVELOPMENT_ASSET_PATHS = "\"search/Preview Content\"";
				ENABLE_PREVIEWS = YES;
				GENERATE_INFOPLIST_FILE = YES;
				INFOPLIST_KEY_CFBundleDisplayName = Search;
				INFOPLIST_KEY_LSApplicationCategoryType = "public.app-category.entertainment";
				INFOPLIST_KEY_UIApplicationSceneManifest_Generation = YES;
				INFOPLIST_KEY_UIApplicationSupportsIndirectInputEvents = YES;
				INFOPLIST_KEY_UILaunchScreen_Generation = YES;
				INFOPLIST_KEY_UISupportedInterfaceOrientations_iPad = "UIInterfaceOrientationPortrait UIInterfaceOrientationPortraitUpsideDown UIInterfaceOrientationLandscapeLeft UIInterfaceOrientationLandscapeRight";
				INFOPLIST_KEY_UISupportedInterfaceOrientations_iPhone = "UIInterfaceOrientationPortrait UIInterfaceOrientationLandscapeLeft UIInterfaceOrientationLandscapeRight";
				IPHONEOS_DEPLOYMENT_TARGET = 16.6;
				LD_RUNPATH_SEARCH_PATHS = (
					"$(inherited)",
					"@executable_path/Frameworks",
				);
				MARKETING_VERSION = 1.0;
				PRODUCT_BUNDLE_IDENTIFIER = com.thesearchapp.thesearch;
				PRODUCT_NAME = "$(TARGET_NAME)";
				SWIFT_EMIT_LOC_STRINGS = YES;
				SWIFT_VERSION = 5.0;
				TARGETED_DEVICE_FAMILY = "1,2";
			};
			name = Debug;
		};
		076E07E12D43FA0E006F3999 /* Release */ = {
			isa = XCBuildConfiguration;
			baseConfigurationReference = 9C4CA487C3667C5D80D53C7F /* Pods-search.release.xcconfig */;
			buildSettings = {
				ASSETCATALOG_COMPILER_APPICON_NAME = AppIcon;
				ASSETCATALOG_COMPILER_GLOBAL_ACCENT_COLOR_NAME = AccentColor;
				CODE_SIGN_STYLE = Automatic;
				CURRENT_PROJECT_VERSION = 1;
				DEVELOPMENT_ASSET_PATHS = "\"search/Preview Content\"";
				ENABLE_PREVIEWS = YES;
				GENERATE_INFOPLIST_FILE = YES;
				INFOPLIST_KEY_CFBundleDisplayName = Search;
				INFOPLIST_KEY_LSApplicationCategoryType = "public.app-category.entertainment";
				INFOPLIST_KEY_UIApplicationSceneManifest_Generation = YES;
				INFOPLIST_KEY_UIApplicationSupportsIndirectInputEvents = YES;
				INFOPLIST_KEY_UILaunchScreen_Generation = YES;
				INFOPLIST_KEY_UISupportedInterfaceOrientations_iPad = "UIInterfaceOrientationPortrait UIInterfaceOrientationPortraitUpsideDown UIInterfaceOrientationLandscapeLeft UIInterfaceOrientationLandscapeRight";
				INFOPLIST_KEY_UISupportedInterfaceOrientations_iPhone = "UIInterfaceOrientationPortrait UIInterfaceOrientationLandscapeLeft UIInterfaceOrientationLandscapeRight";
				IPHONEOS_DEPLOYMENT_TARGET = 16.6;
				LD_RUNPATH_SEARCH_PATHS = (
					"$(inherited)",
					"@executable_path/Frameworks",
				);
				MARKETING_VERSION = 1.0;
				PRODUCT_BUNDLE_IDENTIFIER = com.thesearchapp.thesearch;
				PRODUCT_NAME = "$(TARGET_NAME)";
				SWIFT_EMIT_LOC_STRINGS = YES;
				SWIFT_VERSION = 5.0;
				TARGETED_DEVICE_FAMILY = "1,2";
			};
			name = Release;
		};
/* End XCBuildConfiguration section */

/* Begin XCConfigurationList section */
		076E07CC2D43FA0B006F3999 /* Build configuration list for PBXProject "search" */ = {
			isa = XCConfigurationList;
			buildConfigurations = (
				076E07DD2D43FA0E006F3999 /* Debug */,
				076E07DE2D43FA0E006F3999 /* Release */,
			);
			defaultConfigurationIsVisible = 0;
			defaultConfigurationName = Release;
		};
		076E07DF2D43FA0E006F3999 /* Build configuration list for PBXNativeTarget "search" */ = {
			isa = XCConfigurationList;
			buildConfigurations = (
				076E07E02D43FA0E006F3999 /* Debug */,
				076E07E12D43FA0E006F3999 /* Release */,
			);
			defaultConfigurationIsVisible = 0;
			defaultConfigurationName = Release;
		};
/* End XCConfigurationList section */

/* Begin XCRemoteSwiftPackageReference section */
		076E080D2D44316D006F3999 /* XCRemoteSwiftPackageReference "firebase-ios-sdk" */ = {
			isa = XCRemoteSwiftPackageReference;
			repositoryURL = "https://github.com/firebase/firebase-ios-sdk";
			requirement = {
				kind = upToNextMajorVersion;
				minimumVersion = 11.7.0;
			};
		};
/* End XCRemoteSwiftPackageReference section */

/* Begin XCSwiftPackageProductDependency section */
		076E080E2D44316D006F3999 /* FirebaseAuth */ = {
			isa = XCSwiftPackageProductDependency;
			package = 076E080D2D44316D006F3999 /* XCRemoteSwiftPackageReference "firebase-ios-sdk" */;
			productName = FirebaseAuth;
		};
		076E08102D44316D006F3999 /* FirebaseFirestore */ = {
			isa = XCSwiftPackageProductDependency;
			package = 076E080D2D44316D006F3999 /* XCRemoteSwiftPackageReference "firebase-ios-sdk" */;
			productName = FirebaseFirestore;
		};
		076E08122D44316D006F3999 /* FirebaseStorage */ = {
			isa = XCSwiftPackageProductDependency;
			package = 076E080D2D44316D006F3999 /* XCRemoteSwiftPackageReference "firebase-ios-sdk" */;
			productName = FirebaseStorage;
		};
/* End XCSwiftPackageProductDependency section */
	};
	rootObject = 076E07C92D43FA0B006F3999 /* Project object */;
}
